// !$*UTF8*$!
{
	archiveVersion = 1;
	classes = {
	};
	objectVersion = 46;
	objects = {

/* Begin PBXBuildFile section */
		1F39DFB61D74DB0800F55643 /* Lego.mp4 in Resources */ = {isa = PBXBuildFile; fileRef = 1F39DFB41D74DA2000F55643 /* Lego.mp4 */; };
		1F39DFB71D74DB0800F55643 /* Rabbit.mp4 in Resources */ = {isa = PBXBuildFile; fileRef = 1F39DFB51D74DA2000F55643 /* Rabbit.mp4 */; };
		1F8954241D70C9BC00277C26 /* AppDelegate.swift in Sources */ = {isa = PBXBuildFile; fileRef = 1F8954231D70C9BC00277C26 /* AppDelegate.swift */; };
		1F8954291D70C9BC00277C26 /* Main.storyboard in Resources */ = {isa = PBXBuildFile; fileRef = 1F8954271D70C9BC00277C26 /* Main.storyboard */; };
		1F89542B1D70C9BC00277C26 /* Assets.xcassets in Resources */ = {isa = PBXBuildFile; fileRef = 1F89542A1D70C9BC00277C26 /* Assets.xcassets */; };
		1F89542E1D70C9BC00277C26 /* LaunchScreen.storyboard in Resources */ = {isa = PBXBuildFile; fileRef = 1F89542C1D70C9BC00277C26 /* LaunchScreen.storyboard */; };
		1F8954361D70CC1A00277C26 /* MainViewController.swift in Sources */ = {isa = PBXBuildFile; fileRef = 1F8954351D70CC1A00277C26 /* MainViewController.swift */; };
		1F9F38631D727DD9004FB393 /* VideoPlayerViewController.swift in Sources */ = {isa = PBXBuildFile; fileRef = 1F9F38621D727DD9004FB393 /* VideoPlayerViewController.swift */; };
/* End PBXBuildFile section */

/* Begin PBXFileReference section */
		1F39DFB41D74DA2000F55643 /* Lego.mp4 */ = {isa = PBXFileReference; lastKnownFileType = file; path = Lego.mp4; sourceTree = "<group>"; };
		1F39DFB51D74DA2000F55643 /* Rabbit.mp4 */ = {isa = PBXFileReference; lastKnownFileType = file; path = Rabbit.mp4; sourceTree = "<group>"; };
		1F8954201D70C9BC00277C26 /* logosgospelwall.app */ = {isa = PBXFileReference; explicitFileType = wrapper.application; includeInIndex = 0; path = logosgospelwall.app; sourceTree = BUILT_PRODUCTS_DIR; };
		1F8954231D70C9BC00277C26 /* AppDelegate.swift */ = {isa = PBXFileReference; lastKnownFileType = sourcecode.swift; path = AppDelegate.swift; sourceTree = "<group>"; };
		1F8954281D70C9BC00277C26 /* Base */ = {isa = PBXFileReference; lastKnownFileType = file.storyboard; name = Base; path = Base.lproj/Main.storyboard; sourceTree = "<group>"; };
		1F89542A1D70C9BC00277C26 /* Assets.xcassets */ = {isa = PBXFileReference; lastKnownFileType = folder.assetcatalog; path = Assets.xcassets; sourceTree = "<group>"; };
		1F89542D1D70C9BC00277C26 /* Base */ = {isa = PBXFileReference; lastKnownFileType = file.storyboard; name = Base; path = Base.lproj/LaunchScreen.storyboard; sourceTree = "<group>"; };
		1F89542F1D70C9BC00277C26 /* Info.plist */ = {isa = PBXFileReference; lastKnownFileType = text.plist.xml; path = Info.plist; sourceTree = "<group>"; };
		1F8954351D70CC1A00277C26 /* MainViewController.swift */ = {isa = PBXFileReference; fileEncoding = 4; lastKnownFileType = sourcecode.swift; path = MainViewController.swift; sourceTree = "<group>"; };
		1F9F38621D727DD9004FB393 /* VideoPlayerViewController.swift */ = {isa = PBXFileReference; fileEncoding = 4; lastKnownFileType = sourcecode.swift; path = VideoPlayerViewController.swift; sourceTree = "<group>"; };
/* End PBXFileReference section */

/* Begin PBXFrameworksBuildPhase section */
		1F89541D1D70C9BC00277C26 /* Frameworks */ = {
			isa = PBXFrameworksBuildPhase;
			buildActionMask = 2147483647;
			files = (
			);
			runOnlyForDeploymentPostprocessing = 0;
		};
/* End PBXFrameworksBuildPhase section */

/* Begin PBXGroup section */
		1F8954171D70C9BC00277C26 = {
			isa = PBXGroup;
			children = (
				1F8954221D70C9BC00277C26 /* logosgospelwall */,
				1F8954211D70C9BC00277C26 /* Products */,
			);
			sourceTree = "<group>";
		};
		1F8954211D70C9BC00277C26 /* Products */ = {
			isa = PBXGroup;
			children = (
				1F8954201D70C9BC00277C26 /* logosgospelwall.app */,
			);
			name = Products;
			sourceTree = "<group>";
		};
		1F8954221D70C9BC00277C26 /* logosgospelwall */ = {
			isa = PBXGroup;
			children = (
				1F8954231D70C9BC00277C26 /* AppDelegate.swift */,
				1F8954271D70C9BC00277C26 /* Main.storyboard */,
				1F8954351D70CC1A00277C26 /* MainViewController.swift */,
				1F9F38621D727DD9004FB393 /* VideoPlayerViewController.swift */,
				1F89542A1D70C9BC00277C26 /* Assets.xcassets */,
				1F89542C1D70C9BC00277C26 /* LaunchScreen.storyboard */,
				1F89542F1D70C9BC00277C26 /* Info.plist */,
				1F39DFB41D74DA2000F55643 /* Lego.mp4 */,
				1F39DFB51D74DA2000F55643 /* Rabbit.mp4 */,
			);
			path = logosgospelwall;
			sourceTree = "<group>";
		};
/* End PBXGroup section */

/* Begin PBXNativeTarget section */
		1F89541F1D70C9BC00277C26 /* logosgospelwall */ = {
			isa = PBXNativeTarget;
			buildConfigurationList = 1F8954321D70C9BC00277C26 /* Build configuration list for PBXNativeTarget "logosgospelwall" */;
			buildPhases = (
				1F89541C1D70C9BC00277C26 /* Sources */,
				1F89541D1D70C9BC00277C26 /* Frameworks */,
				1F89541E1D70C9BC00277C26 /* Resources */,
			);
			buildRules = (
			);
			dependencies = (
			);
			name = logosgospelwall;
			productName = logosgospelwall;
			productReference = 1F8954201D70C9BC00277C26 /* logosgospelwall.app */;
			productType = "com.apple.product-type.application";
		};
/* End PBXNativeTarget section */

/* Begin PBXProject section */
		1F8954181D70C9BC00277C26 /* Project object */ = {
			isa = PBXProject;
			attributes = {
				LastSwiftUpdateCheck = 0730;
				LastUpgradeCheck = 0730;
				ORGANIZATIONNAME = Logos;
				TargetAttributes = {
					1F89541F1D70C9BC00277C26 = {
						CreatedOnToolsVersion = 7.3.1;
					};
				};
			};
			buildConfigurationList = 1F89541B1D70C9BC00277C26 /* Build configuration list for PBXProject "logosgospelwall" */;
			compatibilityVersion = "Xcode 3.2";
			developmentRegion = English;
			hasScannedForEncodings = 0;
			knownRegions = (
				en,
				Base,
			);
			mainGroup = 1F8954171D70C9BC00277C26;
			productRefGroup = 1F8954211D70C9BC00277C26 /* Products */;
			projectDirPath = "";
			projectRoot = "";
			targets = (
				1F89541F1D70C9BC00277C26 /* logosgospelwall */,
			);
		};
/* End PBXProject section */

/* Begin PBXResourcesBuildPhase section */
		1F89541E1D70C9BC00277C26 /* Resources */ = {
			isa = PBXResourcesBuildPhase;
			buildActionMask = 2147483647;
			files = (
				1F39DFB61D74DB0800F55643 /* Lego.mp4 in Resources */,
				1F39DFB71D74DB0800F55643 /* Rabbit.mp4 in Resources */,
				1F89542E1D70C9BC00277C26 /* LaunchScreen.storyboard in Resources */,
				1F89542B1D70C9BC00277C26 /* Assets.xcassets in Resources */,
				1F8954291D70C9BC00277C26 /* Main.storyboard in Resources */,
			);
			runOnlyForDeploymentPostprocessing = 0;
		};
/* End PBXResourcesBuildPhase section */

/* Begin PBXSourcesBuildPhase section */
		1F89541C1D70C9BC00277C26 /* Sources */ = {
			isa = PBXSourcesBuildPhase;
			buildActionMask = 2147483647;
			files = (
				1F9F38631D727DD9004FB393 /* VideoPlayerViewController.swift in Sources */,
				1F8954241D70C9BC00277C26 /* AppDelegate.swift in Sources */,
				1F8954361D70CC1A00277C26 /* MainViewController.swift in Sources */,
			);
			runOnlyForDeploymentPostprocessing = 0;
		};
/* End PBXSourcesBuildPhase section */

/* Begin PBXVariantGroup section */
		1F8954271D70C9BC00277C26 /* Main.storyboard */ = {
			isa = PBXVariantGroup;
			children = (
				1F8954281D70C9BC00277C26 /* Base */,
			);
			name = Main.storyboard;
			sourceTree = "<group>";
		};
		1F89542C1D70C9BC00277C26 /* LaunchScreen.storyboard */ = {
			isa = PBXVariantGroup;
			children = (
				1F89542D1D70C9BC00277C26 /* Base */,
			);
			name = LaunchScreen.storyboard;
			sourceTree = "<group>";
		};
/* End PBXVariantGroup section */

/* Begin XCBuildConfiguration section */
		1F8954301D70C9BC00277C26 /* Debug */ = {
			isa = XCBuildConfiguration;
			buildSettings = {
				ALWAYS_SEARCH_USER_PATHS = NO;
				CLANG_ANALYZER_NONNULL = YES;
				CLANG_CXX_LANGUAGE_STANDARD = "gnu++0x";
				CLANG_CXX_LIBRARY = "libc++";
				CLANG_ENABLE_MODULES = YES;
				CLANG_ENABLE_OBJC_ARC = YES;
				CLANG_WARN_BOOL_CONVERSION = YES;
				CLANG_WARN_CONSTANT_CONVERSION = YES;
				CLANG_WARN_DIRECT_OBJC_ISA_USAGE = YES_ERROR;
				CLANG_WARN_EMPTY_BODY = YES;
				CLANG_WARN_ENUM_CONVERSION = YES;
				CLANG_WARN_INT_CONVERSION = YES;
				CLANG_WARN_OBJC_ROOT_CLASS = YES_ERROR;
				CLANG_WARN_UNREACHABLE_CODE = YES;
				CLANG_WARN__DUPLICATE_METHOD_MATCH = YES;
				"CODE_SIGN_IDENTITY[sdk=iphoneos*]" = "iPhone Developer";
				COPY_PHASE_STRIP = NO;
				DEBUG_INFORMATION_FORMAT = dwarf;
				ENABLE_STRICT_OBJC_MSGSEND = YES;
				ENABLE_TESTABILITY = YES;
				GCC_C_LANGUAGE_STANDARD = gnu99;
				GCC_DYNAMIC_NO_PIC = NO;
				GCC_NO_COMMON_BLOCKS = YES;
				GCC_OPTIMIZATION_LEVEL = 0;
				GCC_PREPROCESSOR_DEFINITIONS = (
					"DEBUG=1",
					"$(inherited)",
				);
				GCC_WARN_64_TO_32_BIT_CONVERSION = YES;
				GCC_WARN_ABOUT_RETURN_TYPE = YES_ERROR;
				GCC_WARN_UNDECLARED_SELECTOR = YES;
				GCC_WARN_UNINITIALIZED_AUTOS = YES_AGGRESSIVE;
				GCC_WARN_UNUSED_FUNCTION = YES;
				GCC_WARN_UNUSED_VARIABLE = YES;
				IPHONEOS_DEPLOYMENT_TARGET = 9.3;
				MTL_ENABLE_DEBUG_INFO = YES;
				ONLY_ACTIVE_ARCH = YES;
				SDKROOT = iphoneos;
				SWIFT_OPTIMIZATION_LEVEL = "-Onone";
				TARGETED_DEVICE_FAMILY = 2;
			};
			name = Debug;
		};
		1F8954311D70C9BC00277C26 /* Release */ = {
			isa = XCBuildConfiguration;
			buildSettings = {
				ALWAYS_SEARCH_USER_PATHS = NO;
				CLANG_ANALYZER_NONNULL = YES;
				CLANG_CXX_LANGUAGE_STANDARD = "gnu++0x";
				CLANG_CXX_LIBRARY = "libc++";
				CLANG_ENABLE_MODULES = YES;
				CLANG_ENABLE_OBJC_ARC = YES;
				CLANG_WARN_BOOL_CONVERSION = YES;
				CLANG_WARN_CONSTANT_CONVERSION = YES;
				CLANG_WARN_DIRECT_OBJC_ISA_USAGE = YES_ERROR;
				CLANG_WARN_EMPTY_BODY = YES;
				CLANG_WARN_ENUM_CONVERSION = YES;
				CLANG_WARN_INT_CONVERSION = YES;
				CLANG_WARN_OBJC_ROOT_CLASS = YES_ERROR;
				CLANG_WARN_UNREACHABLE_CODE = YES;
				CLANG_WARN__DUPLICATE_METHOD_MATCH = YES;
				"CODE_SIGN_IDENTITY[sdk=iphoneos*]" = "iPhone Developer";
				COPY_PHASE_STRIP = NO;
				DEBUG_INFORMATION_FORMAT = "dwarf-with-dsym";
				ENABLE_NS_ASSERTIONS = NO;
				ENABLE_STRICT_OBJC_MSGSEND = YES;
				GCC_C_LANGUAGE_STANDARD = gnu99;
				GCC_NO_COMMON_BLOCKS = YES;
				GCC_WARN_64_TO_32_BIT_CONVERSION = YES;
				GCC_WARN_ABOUT_RETURN_TYPE = YES_ERROR;
				GCC_WARN_UNDECLARED_SELECTOR = YES;
				GCC_WARN_UNINITIALIZED_AUTOS = YES_AGGRESSIVE;
				GCC_WARN_UNUSED_FUNCTION = YES;
				GCC_WARN_UNUSED_VARIABLE = YES;
				IPHONEOS_DEPLOYMENT_TARGET = 9.3;
				MTL_ENABLE_DEBUG_INFO = NO;
				SDKROOT = iphoneos;
				TARGETED_DEVICE_FAMILY = 2;
				VALIDATE_PRODUCT = YES;
			};
			name = Release;
		};
		1F8954331D70C9BC00277C26 /* Debug */ = {
			isa = XCBuildConfiguration;
			buildSettings = {
				ASSETCATALOG_COMPILER_APPICON_NAME = AppIcon;
				INFOPLIST_FILE = logosgospelwall/Info.plist;
				LD_RUNPATH_SEARCH_PATHS = "$(inherited) @executable_path/Frameworks";
				PRODUCT_BUNDLE_IDENTIFIER = org.logosny.logosgospelwall;
				PRODUCT_NAME = "$(TARGET_NAME)";
			};
			name = Debug;
		};
		1F8954341D70C9BC00277C26 /* Release */ = {
			isa = XCBuildConfiguration;
			buildSettings = {
				ASSETCATALOG_COMPILER_APPICON_NAME = AppIcon;
				INFOPLIST_FILE = logosgospelwall/Info.plist;
				LD_RUNPATH_SEARCH_PATHS = "$(inherited) @executable_path/Frameworks";
				PRODUCT_BUNDLE_IDENTIFIER = org.logosny.logosgospelwall;
				PRODUCT_NAME = "$(TARGET_NAME)";
			};
			name = Release;
		};
/* End XCBuildConfiguration section */

/* Begin XCConfigurationList section */
		1F89541B1D70C9BC00277C26 /* Build configuration list for PBXProject "logosgospelwall" */ = {
			isa = XCConfigurationList;
			buildConfigurations = (
				1F8954301D70C9BC00277C26 /* Debug */,
				1F8954311D70C9BC00277C26 /* Release */,
			);
			defaultConfigurationIsVisible = 0;
			defaultConfigurationName = Release;
		};
		1F8954321D70C9BC00277C26 /* Build configuration list for PBXNativeTarget "logosgospelwall" */ = {
			isa = XCConfigurationList;
			buildConfigurations = (
				1F8954331D70C9BC00277C26 /* Debug */,
				1F8954341D70C9BC00277C26 /* Release */,
			);
			defaultConfigurationIsVisible = 0;
			defaultConfigurationName = Release;
		};
/* End XCConfigurationList section */
	};
	rootObject = 1F8954181D70C9BC00277C26 /* Project object */;
}
